
Microsoft Visual Studio Solution File, Format Version 12.00
# Visual Studio Version 18
VisualStudioVersion = 18.6.11723.189
MinimumVisualStudioVersion = 10.0.40219.1
Project("{2150E333-8FDC-42A3-9474-1A3956D46DE8}") = "src", "src", "{827E0CD3-B72D-47B6-A68D-7590B98EB39B}"
EndProject
Project("{FAE04EC0-301F-11D3-BF4B-00C04F79EFBC}") = "Zstandard.Native", "src\Zstandard.Native\Zstandard.Native.csproj", "{DB72F72E-598B-46D3-94A9-C9BB83181513}"
EndProject
Project("{2150E333-8FDC-42A3-9474-1A3956D46DE8}") = "Solution files", "Solution files", "{EE6E7AAD-66BB-4783-B499-A2F868EB675F}"
	ProjectSection(SolutionItems) = preProject
		.gitignore = .gitignore
		CONTRIBUTING.md = CONTRIBUTING.md
		Directory.Build.props = Directory.Build.props
		Directory.Packages.props = Directory.Packages.props
		LICENSE = LICENSE
		NuGet.config = NuGet.config
		README.md = README.md
		SECURITY.md = SECURITY.md
		Zstandard.Native.sln.DotSettings = Zstandard.Native.sln.DotSettings
		Zstandard.Native.sln.DotSettings.user = Zstandard.Native.sln.DotSettings.user
	EndProjectSection
EndProject
Project("{2150E333-8FDC-42A3-9474-1A3956D46DE8}") = "samples", "samples", "{5D20AA90-6969-D8BD-9DCD-8634F4692FDA}"
EndProject
Project("{FAE04EC0-301F-11D3-BF4B-00C04F79EFBC}") = "Zstandard.Benchmarks", "samples\Zstandard.Benchmarks\Zstandard.Benchmarks.csproj", "{7BE6A30F-B199-4F0C-94B3-9D7CC664564A}"
EndProject
Project("{2150E333-8FDC-42A3-9474-1A3956D46DE8}") = "tests", "tests", "{0AB3BF05-4346-4AA6-1389-037BE0695223}"
EndProject
Project("{FAE04EC0-301F-11D3-BF4B-00C04F79EFBC}") = "Zstandard.Native.Tests", "tests\Zstandard.Native.Tests\Zstandard.Native.Tests.csproj", "{E6A75818-017B-40CB-8159-B7075FD2BDBD}"
EndProject
Project("{2150E333-8FDC-42A3-9474-1A3956D46DE8}") = ".github", ".github", "{E7AF48EE-0D1F-47CD-9200-0707C3EFFAB9}"
EndProject
Project("{2150E333-8FDC-42A3-9474-1A3956D46DE8}") = "workflows", "workflows", "{8DFABC35-B26E-49C5-AA3B-3AD9A4C45D77}"
	ProjectSection(SolutionItems) = preProject
		.github\workflows\ci.yml = .github\workflows\ci.yml
		.github\workflows\codeql.yml = .github\workflows\codeql.yml
		.github\workflows\publish.yml = .github\workflows\publish.yml
	EndProjectSection
EndProject
Global
	GlobalSection(SolutionConfigurationPlatforms) = preSolution
		Debug|Any CPU = Debug|Any CPU
		Debug|x64 = Debug|x64
		Debug|x86 = Debug|x86
		Release|Any CPU = Release|Any CPU
		Release|x64 = Release|x64
		Release|x86 = Release|x86
	EndGlobalSection
	GlobalSection(ProjectConfigurationPlatforms) = postSolution
		{DB72F72E-598B-46D3-94A9-C9BB83181513}.Debug|Any CPU.ActiveCfg = Debug|Any CPU
		{DB72F72E-598B-46D3-94A9-C9BB83181513}.Debug|Any CPU.Build.0 = Debug|Any CPU
		{DB72F72E-598B-46D3-94A9-C9BB83181513}.Debug|x64.ActiveCfg = Debug|Any CPU
		{DB72F72E-598B-46D3-94A9-C9BB83181513}.Debug|x64.Build.0 = Debug|Any CPU
		{DB72F72E-598B-46D3-94A9-C9BB83181513}.Debug|x86.ActiveCfg = Debug|Any CPU
		{DB72F72E-598B-46D3-94A9-C9BB83181513}.Debug|x86.Build.0 = Debug|Any CPU
		{DB72F72E-598B-46D3-94A9-C9BB83181513}.Release|Any CPU.ActiveCfg = Release|Any CPU
		{DB72F72E-598B-46D3-94A9-C9BB83181513}.Release|Any CPU.Build.0 = Release|Any CPU
		{DB72F72E-598B-46D3-94A9-C9BB83181513}.Release|x64.ActiveCfg = Release|Any CPU
		{DB72F72E-598B-46D3-94A9-C9BB83181513}.Release|x64.Build.0 = Release|Any CPU
		{DB72F72E-598B-46D3-94A9-C9BB83181513}.Release|x86.ActiveCfg = Release|Any CPU
		{DB72F72E-598B-46D3-94A9-C9BB83181513}.Release|x86.Build.0 = Release|Any CPU
		{7BE6A30F-B199-4F0C-94B3-9D7CC664564A}.Debug|Any CPU.ActiveCfg = Debug|Any CPU
		{7BE6A30F-B199-4F0C-94B3-9D7CC664564A}.Debug|Any CPU.Build.0 = Debug|Any CPU
		{7BE6A30F-B199-4F0C-94B3-9D7CC664564A}.Debug|x64.ActiveCfg = Debug|Any CPU
		{7BE6A30F-B199-4F0C-94B3-9D7CC664564A}.Debug|x64.Build.0 = Debug|Any CPU
		{7BE6A30F-B199-4F0C-94B3-9D7CC664564A}.Debug|x86.ActiveCfg = Debug|Any CPU
		{7BE6A30F-B199-4F0C-94B3-9D7CC664564A}.Debug|x86.Build.0 = Debug|Any CPU
		{7BE6A30F-B199-4F0C-94B3-9D7CC664564A}.Release|Any CPU.ActiveCfg = Release|Any CPU
		{7BE6A30F-B199-4F0C-94B3-9D7CC664564A}.Release|Any CPU.Build.0 = Release|Any CPU
		{7BE6A30F-B199-4F0C-94B3-9D7CC664564A}.Release|x64.ActiveCfg = Release|Any CPU
		{7BE6A30F-B199-4F0C-94B3-9D7CC664564A}.Release|x64.Build.0 = Release|Any CPU
		{7BE6A30F-B199-4F0C-94B3-9D7CC664564A}.Release|x86.ActiveCfg = Release|Any CPU
		{7BE6A30F-B199-4F0C-94B3-9D7CC664564A}.Release|x86.Build.0 = Release|Any CPU
		{E6A75818-017B-40CB-8159-B7075FD2BDBD}.Debug|Any CPU.ActiveCfg = Debug|Any CPU
		{E6A75818-017B-40CB-8159-B7075FD2BDBD}.Debug|Any CPU.Build.0 = Debug|Any CPU
		{E6A75818-017B-40CB-8159-B7075FD2BDBD}.Debug|x64.ActiveCfg = Debug|Any CPU
		{E6A75818-017B-40CB-8159-B7075FD2BDBD}.Debug|x64.Build.0 = Debug|Any CPU
		{E6A75818-017B-40CB-8159-B7075FD2BDBD}.Debug|x86.ActiveCfg = Debug|Any CPU
		{E6A75818-017B-40CB-8159-B7075FD2BDBD}.Debug|x86.Build.0 = Debug|Any CPU
		{E6A75818-017B-40CB-8159-B7075FD2BDBD}.Release|Any CPU.ActiveCfg = Release|Any CPU
		{E6A75818-017B-40CB-8159-B7075FD2BDBD}.Release|Any CPU.Build.0 = Release|Any CPU
		{E6A75818-017B-40CB-8159-B7075FD2BDBD}.Release|x64.ActiveCfg = Release|Any CPU
		{E6A75818-017B-40CB-8159-B7075FD2BDBD}.Release|x64.Build.0 = Release|Any CPU
		{E6A75818-017B-40CB-8159-B7075FD2BDBD}.Release|x86.ActiveCfg = Release|Any CPU
		{E6A75818-017B-40CB-8159-B7075FD2BDBD}.Release|x86.Build.0 = Release|Any CPU
	EndGlobalSection
	GlobalSection(SolutionProperties) = preSolution
		HideSolutionNode = FALSE
	EndGlobalSection
	GlobalSection(NestedProjects) = preSolution
		{DB72F72E-598B-46D3-94A9-C9BB83181513} = {827E0CD3-B72D-47B6-A68D-7590B98EB39B}
		{7BE6A30F-B199-4F0C-94B3-9D7CC664564A} = {5D20AA90-6969-D8BD-9DCD-8634F4692FDA}
		{E6A75818-017B-40CB-8159-B7075FD2BDBD} = {0AB3BF05-4346-4AA6-1389-037BE0695223}
		{E7AF48EE-0D1F-47CD-9200-0707C3EFFAB9} = {EE6E7AAD-66BB-4783-B499-A2F868EB675F}
		{8DFABC35-B26E-49C5-AA3B-3AD9A4C45D77} = {E7AF48EE-0D1F-47CD-9200-0707C3EFFAB9}
	EndGlobalSection
	GlobalSection(ExtensibilityGlobals) = postSolution
		SolutionGuid = {84970B55-67F0-47E5-B774-E3160FFC8D31}
	EndGlobalSection
EndGlobal
